// !$*UTF8*$!
{
	archiveVersion = 1;
	classes = {
	};
	objectVersion = 46;
	objects = {

/* Begin PBXBuildFile section */
		C06C95221F68D69D00C441D3 /* AppDelegate.swift in Sources */ = {isa = PBXBuildFile; fileRef = C06C95211F68D69D00C441D3 /* AppDelegate.swift */; };
		C06C95241F68D69D00C441D3 /* BucketListViewController.swift in Sources */ = {isa = PBXBuildFile; fileRef = C06C95231F68D69D00C441D3 /* BucketListViewController.swift */; };
		C06C95271F68D69D00C441D3 /* Main.storyboard in Resources */ = {isa = PBXBuildFile; fileRef = C06C95251F68D69D00C441D3 /* Main.storyboard */; };
		C06C95291F68D69D00C441D3 /* Assets.xcassets in Resources */ = {isa = PBXBuildFile; fileRef = C06C95281F68D69D00C441D3 /* Assets.xcassets */; };
		C06C952C1F68D69D00C441D3 /* LaunchScreen.storyboard in Resources */ = {isa = PBXBuildFile; fileRef = C06C952A1F68D69D00C441D3 /* LaunchScreen.storyboard */; };
		C06C95371F68D69E00C441D3 /* BucketList2Tests.swift in Sources */ = {isa = PBXBuildFile; fileRef = C06C95361F68D69E00C441D3 /* BucketList2Tests.swift */; };
		C06C95421F68D69E00C441D3 /* BucketList2UITests.swift in Sources */ = {isa = PBXBuildFile; fileRef = C06C95411F68D69E00C441D3 /* BucketList2UITests.swift */; };
		C06C95501F68D74200C441D3 /* AddItemTableViewController.swift in Sources */ = {isa = PBXBuildFile; fileRef = C06C954F1F68D74200C441D3 /* AddItemTableViewController.swift */; };
		C06C95521F68EFFD00C441D3 /* AddItemDelegate.swift in Sources */ = {isa = PBXBuildFile; fileRef = C06C95511F68EFFD00C441D3 /* AddItemDelegate.swift */; };
		C06C95581F69BC0200C441D3 /* BucketList.xcdatamodeld in Sources */ = {isa = PBXBuildFile; fileRef = C06C95561F69BC0200C441D3 /* BucketList.xcdatamodeld */; };
/* End PBXBuildFile section */

/* Begin PBXContainerItemProxy section */
		C06C95331F68D69E00C441D3 /* PBXContainerItemProxy */ = {
			isa = PBXContainerItemProxy;
			containerPortal = C06C95161F68D69D00C441D3 /* Project object */;
			proxyType = 1;
			remoteGlobalIDString = C06C951D1F68D69D00C441D3;
			remoteInfo = BucketList2;
		};
		C06C953E1F68D69E00C441D3 /* PBXContainerItemProxy */ = {
			isa = PBXContainerItemProxy;
			containerPortal = C06C95161F68D69D00C441D3 /* Project object */;
			proxyType = 1;
			remoteGlobalIDString = C06C951D1F68D69D00C441D3;
			remoteInfo = BucketList2;
		};
/* End PBXContainerItemProxy section */

/* Begin PBXFileReference section */
		C06C951E1F68D69D00C441D3 /* BucketList2.app */ = {isa = PBXFileReference; explicitFileType = wrapper.application; includeInIndex = 0; path = BucketList2.app; sourceTree = BUILT_PRODUCTS_DIR; };
		C06C95211F68D69D00C441D3 /* AppDelegate.swift */ = {isa = PBXFileReference; lastKnownFileType = sourcecode.swift; path = AppDelegate.swift; sourceTree = "<group>"; };
		C06C95231F68D69D00C441D3 /* BucketListViewController.swift */ = {isa = PBXFileReference; lastKnownFileType = sourcecode.swift; path = BucketListViewController.swift; sourceTree = "<group>"; };
		C06C95261F68D69D00C441D3 /* Base */ = {isa = PBXFileReference; lastKnownFileType = file.storyboard; name = Base; path = Base.lproj/Main.storyboard; sourceTree = "<group>"; };
		C06C95281F68D69D00C441D3 /* Assets.xcassets */ = {isa = PBXFileReference; lastKnownFileType = folder.assetcatalog; path = Assets.xcassets; sourceTree = "<group>"; };
		C06C952B1F68D69D00C441D3 /* Base */ = {isa = PBXFileReference; lastKnownFileType = file.storyboard; name = Base; path = Base.lproj/LaunchScreen.storyboard; sourceTree = "<group>"; };
		C06C952D1F68D69D00C441D3 /* Info.plist */ = {isa = PBXFileReference; lastKnownFileType = text.plist.xml; path = Info.plist; sourceTree = "<group>"; };
		C06C95321F68D69E00C441D3 /* BucketList2Tests.xctest */ = {isa = PBXFileReference; explicitFileType = wrapper.cfbundle; includeInIndex = 0; path = BucketList2Tests.xctest; sourceTree = BUILT_PRODUCTS_DIR; };
		C06C95361F68D69E00C441D3 /* BucketList2Tests.swift */ = {isa = PBXFileReference; lastKnownFileType = sourcecode.swift; path = BucketList2Tests.swift; sourceTree = "<group>"; };
		C06C95381F68D69E00C441D3 /* Info.plist */ = {isa = PBXFileReference; lastKnownFileType = text.plist.xml; path = Info.plist; sourceTree = "<group>"; };
		C06C953D1F68D69E00C441D3 /* BucketList2UITests.xctest */ = {isa = PBXFileReference; explicitFileType = wrapper.cfbundle; includeInIndex = 0; path = BucketList2UITests.xctest; sourceTree = BUILT_PRODUCTS_DIR; };
		C06C95411F68D69E00C441D3 /* BucketList2UITests.swift */ = {isa = PBXFileReference; lastKnownFileType = sourcecode.swift; path = BucketList2UITests.swift; sourceTree = "<group>"; };
		C06C95431F68D69E00C441D3 /* Info.plist */ = {isa = PBXFileReference; lastKnownFileType = text.plist.xml; path = Info.plist; sourceTree = "<group>"; };
		C06C954F1F68D74200C441D3 /* AddItemTableViewController.swift */ = {isa = PBXFileReference; fileEncoding = 4; lastKnownFileType = sourcecode.swift; path = AddItemTableViewController.swift; sourceTree = "<group>"; };
		C06C95511F68EFFD00C441D3 /* AddItemDelegate.swift */ = {isa = PBXFileReference; fileEncoding = 4; lastKnownFileType = sourcecode.swift; path = AddItemDelegate.swift; sourceTree = "<group>"; };
		C06C95571F69BC0200C441D3 /* BucketList.xcdatamodel */ = {isa = PBXFileReference; lastKnownFileType = wrapper.xcdatamodel; path = BucketList.xcdatamodel; sourceTree = "<group>"; };
/* End PBXFileReference section */

/* Begin PBXFrameworksBuildPhase section */
		C06C951B1F68D69D00C441D3 /* Frameworks */ = {
			isa = PBXFrameworksBuildPhase;
			buildActionMask = 2147483647;
			files = (
			);
			runOnlyForDeploymentPostprocessing = 0;
		};
		C06C952F1F68D69E00C441D3 /* Frameworks */ = {
			isa = PBXFrameworksBuildPhase;
			buildActionMask = 2147483647;
			files = (
			);
			runOnlyForDeploymentPostprocessing = 0;
		};
		C06C953A1F68D69E00C441D3 /* Frameworks */ = {
			isa = PBXFrameworksBuildPhase;
			buildActionMask = 2147483647;
			files = (
			);
			runOnlyForDeploymentPostprocessing = 0;
		};
/* End PBXFrameworksBuildPhase section */

/* Begin PBXGroup section */
		C06C95151F68D69D00C441D3 = {
			isa = PBXGroup;
			children = (
				C06C95201F68D69D00C441D3 /* BucketList2 */,
				C06C95351F68D69E00C441D3 /* BucketList2Tests */,
				C06C95401F68D69E00C441D3 /* BucketList2UITests */,
				C06C951F1F68D69D00C441D3 /* Products */,
			);
			sourceTree = "<group>";
		};
		C06C951F1F68D69D00C441D3 /* Products */ = {
			isa = PBXGroup;
			children = (
				C06C951E1F68D69D00C441D3 /* BucketList2.app */,
				C06C95321F68D69E00C441D3 /* BucketList2Tests.xctest */,
				C06C953D1F68D69E00C441D3 /* BucketList2UITests.xctest */,
			);
			name = Products;
			sourceTree = "<group>";
		};
		C06C95201F68D69D00C441D3 /* BucketList2 */ = {
			isa = PBXGroup;
			children = (
				C06C95211F68D69D00C441D3 /* AppDelegate.swift */,
				C06C95561F69BC0200C441D3 /* BucketList.xcdatamodeld */,
				C06C95251F68D69D00C441D3 /* Main.storyboard */,
				C06C95231F68D69D00C441D3 /* BucketListViewController.swift */,
				C06C954F1F68D74200C441D3 /* AddItemTableViewController.swift */,
				C06C95511F68EFFD00C441D3 /* AddItemDelegate.swift */,
				C06C95281F68D69D00C441D3 /* Assets.xcassets */,
				C06C952A1F68D69D00C441D3 /* LaunchScreen.storyboard */,
				C06C952D1F68D69D00C441D3 /* Info.plist */,
			);
			path = BucketList2;
			sourceTree = "<group>";
		};
		C06C95351F68D69E00C441D3 /* BucketList2Tests */ = {
			isa = PBXGroup;
			children = (
				C06C95361F68D69E00C441D3 /* BucketList2Tests.swift */,
				C06C95381F68D69E00C441D3 /* Info.plist */,
			);
			path = BucketList2Tests;
			sourceTree = "<group>";
		};
		C06C95401F68D69E00C441D3 /* BucketList2UITests */ = {
			isa = PBXGroup;
			children = (
				C06C95411F68D69E00C441D3 /* BucketList2UITests.swift */,
				C06C95431F68D69E00C441D3 /* Info.plist */,
			);
			path = BucketList2UITests;
			sourceTree = "<group>";
		};
/* End PBXGroup section */

/* Begin PBXNativeTarget section */
		C06C951D1F68D69D00C441D3 /* BucketList2 */ = {
			isa = PBXNativeTarget;
			buildConfigurationList = C06C95461F68D69E00C441D3 /* Build configuration list for PBXNativeTarget "BucketList2" */;
			buildPhases = (
				C06C951A1F68D69D00C441D3 /* Sources */,
				C06C951B1F68D69D00C441D3 /* Frameworks */,
				C06C951C1F68D69D00C441D3 /* Resources */,
			);
			buildRules = (
			);
			dependencies = (
			);
			name = BucketList2;
			productName = BucketList2;
			productReference = C06C951E1F68D69D00C441D3 /* BucketList2.app */;
			productType = "com.apple.product-type.application";
		};
		C06C95311F68D69E00C441D3 /* BucketList2Tests */ = {
			isa = PBXNativeTarget;
			buildConfigurationList = C06C95491F68D69E00C441D3 /* Build configuration list for PBXNativeTarget "BucketList2Tests" */;
			buildPhases = (
				C06C952E1F68D69E00C441D3 /* Sources */,
				C06C952F1F68D69E00C441D3 /* Frameworks */,
				C06C95301F68D69E00C441D3 /* Resources */,
			);
			buildRules = (
			);
			dependencies = (
				C06C95341F68D69E00C441D3 /* PBXTargetDependency */,
			);
			name = BucketList2Tests;
			productName = BucketList2Tests;
			productReference = C06C95321F68D69E00C441D3 /* BucketList2Tests.xctest */;
			productType = "com.apple.product-type.bundle.unit-test";
		};
		C06C953C1F68D69E00C441D3 /* BucketList2UITests */ = {
			isa = PBXNativeTarget;
			buildConfigurationList = C06C954C1F68D69E00C441D3 /* Build configuration list for PBXNativeTarget "BucketList2UITests" */;
			buildPhases = (
				C06C95391F68D69E00C441D3 /* Sources */,
				C06C953A1F68D69E00C441D3 /* Frameworks */,
				C06C953B1F68D69E00C441D3 /* Resources */,
			);
			buildRules = (
			);
			dependencies = (
				C06C953F1F68D69E00C441D3 /* PBXTargetDependency */,
			);
			name = BucketList2UITests;
			productName = BucketList2UITests;
			productReference = C06C953D1F68D69E00C441D3 /* BucketList2UITests.xctest */;
			productType = "com.apple.product-type.bundle.ui-testing";
		};
/* End PBXNativeTarget section */

/* Begin PBXProject section */
		C06C95161F68D69D00C441D3 /* Project object */ = {
			isa = PBXProject;
			attributes = {
				LastSwiftUpdateCheck = 0830;
				LastUpgradeCheck = 0830;
				ORGANIZATIONNAME = "Grant Brooks";
				TargetAttributes = {
					C06C951D1F68D69D00C441D3 = {
						CreatedOnToolsVersion = 8.3.3;
						DevelopmentTeam = 7684EEET25;
						ProvisioningStyle = Automatic;
					};
					C06C95311F68D69E00C441D3 = {
						CreatedOnToolsVersion = 8.3.3;
						DevelopmentTeam = 7684EEET25;
						ProvisioningStyle = Automatic;
						TestTargetID = C06C951D1F68D69D00C441D3;
					};
					C06C953C1F68D69E00C441D3 = {
						CreatedOnToolsVersion = 8.3.3;
						DevelopmentTeam = 7684EEET25;
						ProvisioningStyle = Automatic;
						TestTargetID = C06C951D1F68D69D00C441D3;
					};
				};
			};
			buildConfigurationList = C06C95191F68D69D00C441D3 /* Build configuration list for PBXProject "BucketList2" */;
			compatibilityVersion = "Xcode 3.2";
			developmentRegion = English;
			hasScannedForEncodings = 0;
			knownRegions = (
				en,
				Base,
			);
			mainGroup = C06C95151F68D69D00C441D3;
			productRefGroup = C06C951F1F68D69D00C441D3 /* Products */;
			projectDirPath = "";
			projectRoot = "";
			targets = (
				C06C951D1F68D69D00C441D3 /* BucketList2 */,
				C06C95311F68D69E00C441D3 /* BucketList2Tests */,
				C06C953C1F68D69E00C441D3 /* BucketList2UITests */,
			);
		};
/* End PBXProject section */

/* Begin PBXResourcesBuildPhase section */
		C06C951C1F68D69D00C441D3 /* Resources */ = {
			isa = PBXResourcesBuildPhase;
			buildActionMask = 2147483647;
			files = (
				C06C952C1F68D69D00C441D3 /* LaunchScreen.storyboard in Resources */,
				C06C95291F68D69D00C441D3 /* Assets.xcassets in Resources */,
				C06C95271F68D69D00C441D3 /* Main.storyboard in Resources */,
			);
			runOnlyForDeploymentPostprocessing = 0;
		};
		C06C95301F68D69E00C441D3 /* Resources */ = {
			isa = PBXResourcesBuildPhase;
			buildActionMask = 2147483647;
			files = (
			);
			runOnlyForDeploymentPostprocessing = 0;
		};
		C06C953B1F68D69E00C441D3 /* Resources */ = {
			isa = PBXResourcesBuildPhase;
			buildActionMask = 2147483647;
			files = (
			);
			runOnlyForDeploymentPostprocessing = 0;
		};
/* End PBXResourcesBuildPhase section */

/* Begin PBXSourcesBuildPhase section */
		C06C951A1F68D69D00C441D3 /* Sources */ = {
			isa = PBXSourcesBuildPhase;
			buildActionMask = 2147483647;
			files = (
				C06C95241F68D69D00C441D3 /* BucketListViewController.swift in Sources */,
				C06C95221F68D69D00C441D3 /* AppDelegate.swift in Sources */,
				C06C95581F69BC0200C441D3 /* BucketList.xcdatamodeld in Sources */,
				C06C95501F68D74200C441D3 /* AddItemTableViewController.swift in Sources */,
				C06C95521F68EFFD00C441D3 /* AddItemDelegate.swift in Sources */,
			);
			runOnlyForDeploymentPostprocessing = 0;
		};
		C06C952E1F68D69E00C441D3 /* Sources */ = {
			isa = PBXSourcesBuildPhase;
			buildActionMask = 2147483647;
			files = (
				C06C95371F68D69E00C441D3 /* BucketList2Tests.swift in Sources */,
			);
			runOnlyForDeploymentPostprocessing = 0;
		};
		C06C95391F68D69E00C441D3 /* Sources */ = {
			isa = PBXSourcesBuildPhase;
			buildActionMask = 2147483647;
			files = (
				C06C95421F68D69E00C441D3 /* BucketList2UITests.swift in Sources */,
			);
			runOnlyForDeploymentPostprocessing = 0;
		};
/* End PBXSourcesBuildPhase section */

/* Begin PBXTargetDependency section */
		C06C95341F68D69E00C441D3 /* PBXTargetDependency */ = {
			isa = PBXTargetDependency;
			target = C06C951D1F68D69D00C441D3 /* BucketList2 */;
			targetProxy = C06C95331F68D69E00C441D3 /* PBXContainerItemProxy */;
		};
		C06C953F1F68D69E00C441D3 /* PBXTargetDependency */ = {
			isa = PBXTargetDependency;
			target = C06C951D1F68D69D00C441D3 /* BucketList2 */;
			targetProxy = C06C953E1F68D69E00C441D3 /* PBXContainerItemProxy */;
		};
/* End PBXTargetDependency section */

/* Begin PBXVariantGroup section */
		C06C95251F68D69D00C441D3 /* Main.storyboard */ = {
			isa = PBXVariantGroup;
			children = (
				C06C95261F68D69D00C441D3 /* Base */,
			);
			name = Main.storyboard;
			sourceTree = "<group>";
		};
		C06C952A1F68D69D00C441D3 /* LaunchScreen.storyboard */ = {
			isa = PBXVariantGroup;
			children = (
				C06C952B1F68D69D00C441D3 /* Base */,
			);
			name = LaunchScreen.storyboard;
			sourceTree = "<group>";
		};
/* End PBXVariantGroup section */

/* Begin XCBuildConfiguration section */
		C06C95441F68D69E00C441D3 /* Debug */ = {
			isa = XCBuildConfiguration;
			buildSettings = {
				ALWAYS_SEARCH_USER_PATHS = NO;
				CLANG_ANALYZER_NONNULL = YES;
				CLANG_ANALYZER_NUMBER_OBJECT_CONVERSION = YES_AGGRESSIVE;
				CLANG_CXX_LANGUAGE_STANDARD = "gnu++0x";
				CLANG_CXX_LIBRARY = "libc++";
				CLANG_ENABLE_MODULES = YES;
				CLANG_ENABLE_OBJC_ARC = YES;
				CLANG_WARN_BOOL_CONVERSION = YES;
				CLANG_WARN_CONSTANT_CONVERSION = YES;
				CLANG_WARN_DIRECT_OBJC_ISA_USAGE = YES_ERROR;
				CLANG_WARN_DOCUMENTATION_COMMENTS = YES;
				CLANG_WARN_EMPTY_BODY = YES;
				CLANG_WARN_ENUM_CONVERSION = YES;
				CLANG_WARN_INFINITE_RECURSION = YES;
				CLANG_WARN_INT_CONVERSION = YES;
				CLANG_WARN_OBJC_ROOT_CLASS = YES_ERROR;
				CLANG_WARN_SUSPICIOUS_MOVE = YES;
				CLANG_WARN_UNREACHABLE_CODE = YES;
				CLANG_WARN__DUPLICATE_METHOD_MATCH = YES;
				"CODE_SIGN_IDENTITY[sdk=iphoneos*]" = "iPhone Developer";
				COPY_PHASE_STRIP = NO;
				DEBUG_INFORMATION_FORMAT = dwarf;
				ENABLE_STRICT_OBJC_MSGSEND = YES;
				ENABLE_TESTABILITY = YES;
				GCC_C_LANGUAGE_STANDARD = gnu99;
				GCC_DYNAMIC_NO_PIC = NO;
				GCC_NO_COMMON_BLOCKS = YES;
				GCC_OPTIMIZATION_LEVEL = 0;
				GCC_PREPROCESSOR_DEFINITIONS = (
					"DEBUG=1",
					"$(inherited)",
				);
				GCC_WARN_64_TO_32_BIT_CONVERSION = YES;
				GCC_WARN_ABOUT_RETURN_TYPE = YES_ERROR;
				GCC_WARN_UNDECLARED_SELECTOR = YES;
				GCC_WARN_UNINITIALIZED_AUTOS = YES_AGGRESSIVE;
				GCC_WARN_UNUSED_FUNCTION = YES;
				GCC_WARN_UNUSED_VARIABLE = YES;
				IPHONEOS_DEPLOYMENT_TARGET = 10.3;
				MTL_ENABLE_DEBUG_INFO = YES;
				ONLY_ACTIVE_ARCH = YES;
				SDKROOT = iphoneos;
				SWIFT_ACTIVE_COMPILATION_CONDITIONS = DEBUG;
				SWIFT_OPTIMIZATION_LEVEL = "-Onone";
				TARGETED_DEVICE_FAMILY = "1,2";
			};
			name = Debug;
		};
		C06C95451F68D69E00C441D3 /* Release */ = {
			isa = XCBuildConfiguration;
			buildSettings = {
				ALWAYS_SEARCH_USER_PATHS = NO;
				CLANG_ANALYZER_NONNULL = YES;
				CLANG_ANALYZER_NUMBER_OBJECT_CONVERSION = YES_AGGRESSIVE;
				CLANG_CXX_LANGUAGE_STANDARD = "gnu++0x";
				CLANG_CXX_LIBRARY = "libc++";
				CLANG_ENABLE_MODULES = YES;
				CLANG_ENABLE_OBJC_ARC = YES;
				CLANG_WARN_BOOL_CONVERSION = YES;
				CLANG_WARN_CONSTANT_CONVERSION = YES;
				CLANG_WARN_DIRECT_OBJC_ISA_USAGE = YES_ERROR;
				CLANG_WARN_DOCUMENTATION_COMMENTS = YES;
				CLANG_WARN_EMPTY_BODY = YES;
				CLANG_WARN_ENUM_CONVERSION = YES;
				CLANG_WARN_INFINITE_RECURSION = YES;
				CLANG_WARN_INT_CONVERSION = YES;
				CLANG_WARN_OBJC_ROOT_CLASS = YES_ERROR;
				CLANG_WARN_SUSPICIOUS_MOVE = YES;
				CLANG_WARN_UNREACHABLE_CODE = YES;
				CLANG_WARN__DUPLICATE_METHOD_MATCH = YES;
				"CODE_SIGN_IDENTITY[sdk=iphoneos*]" = "iPhone Developer";
				COPY_PHASE_STRIP = NO;
				DEBUG_INFORMATION_FORMAT = "dwarf-with-dsym";
				ENABLE_NS_ASSERTIONS = NO;
				ENABLE_STRICT_OBJC_MSGSEND = YES;
				GCC_C_LANGUAGE_STANDARD = gnu99;
				GCC_NO_COMMON_BLOCKS = YES;
				GCC_WARN_64_TO_32_BIT_CONVERSION = YES;
				GCC_WARN_ABOUT_RETURN_TYPE = YES_ERROR;
				GCC_WARN_UNDECLARED_SELECTOR = YES;
				GCC_WARN_UNINITIALIZED_AUTOS = YES_AGGRESSIVE;
				GCC_WARN_UNUSED_FUNCTION = YES;
				GCC_WARN_UNUSED_VARIABLE = YES;
				IPHONEOS_DEPLOYMENT_TARGET = 10.3;
				MTL_ENABLE_DEBUG_INFO = NO;
				SDKROOT = iphoneos;
				SWIFT_OPTIMIZATION_LEVEL = "-Owholemodule";
				TARGETED_DEVICE_FAMILY = "1,2";
				VALIDATE_PRODUCT = YES;
			};
			name = Release;
		};
		C06C95471F68D69E00C441D3 /* Debug */ = {
			isa = XCBuildConfiguration;
			buildSettings = {
				ASSETCATALOG_COMPILER_APPICON_NAME = AppIcon;
				DEVELOPMENT_TEAM = 7684EEET25;
				INFOPLIST_FILE = BucketList2/Info.plist;
				LD_RUNPATH_SEARCH_PATHS = "$(inherited) @executable_path/Frameworks";
				PRODUCT_BUNDLE_IDENTIFIER = com.grant.BucketList2;
				PRODUCT_NAME = "$(TARGET_NAME)";
				SWIFT_VERSION = 3.0;
			};
			name = Debug;
		};
		C06C95481F68D69E00C441D3 /* Release */ = {
			isa = XCBuildConfiguration;
			buildSettings = {
				ASSETCATALOG_COMPILER_APPICON_NAME = AppIcon;
				DEVELOPMENT_TEAM = 7684EEET25;
				INFOPLIST_FILE = BucketList2/Info.plist;
				LD_RUNPATH_SEARCH_PATHS = "$(inherited) @executable_path/Frameworks";
				PRODUCT_BUNDLE_IDENTIFIER = com.grant.BucketList2;
				PRODUCT_NAME = "$(TARGET_NAME)";
				SWIFT_VERSION = 3.0;
			};
			name = Release;
		};
		C06C954A1F68D69E00C441D3 /* Debug */ = {
			isa = XCBuildConfiguration;
			buildSettings = {
				ALWAYS_EMBED_SWIFT_STANDARD_LIBRARIES = YES;
				BUNDLE_LOADER = "$(TEST_HOST)";
				DEVELOPMENT_TEAM = 7684EEET25;
				INFOPLIST_FILE = BucketList2Tests/Info.plist;
				LD_RUNPATH_SEARCH_PATHS = "$(inherited) @executable_path/Frameworks @loader_path/Frameworks";
				PRODUCT_BUNDLE_IDENTIFIER = com.grant.BucketList2Tests;
				PRODUCT_NAME = "$(TARGET_NAME)";
				SWIFT_VERSION = 3.0;
				TEST_HOST = "$(BUILT_PRODUCTS_DIR)/BucketList2.app/BucketList2";
			};
			name = Debug;
		};
		C06C954B1F68D69E00C441D3 /* Release */ = {
			isa = XCBuildConfiguration;
			buildSettings = {
				ALWAYS_EMBED_SWIFT_STANDARD_LIBRARIES = YES;
				BUNDLE_LOADER = "$(TEST_HOST)";
				DEVELOPMENT_TEAM = 7684EEET25;
				INFOPLIST_FILE = BucketList2Tests/Info.plist;
				LD_RUNPATH_SEARCH_PATHS = "$(inherited) @executable_path/Frameworks @loader_path/Frameworks";
				PRODUCT_BUNDLE_IDENTIFIER = com.grant.BucketList2Tests;
				PRODUCT_NAME = "$(TARGET_NAME)";
				SWIFT_VERSION = 3.0;
				TEST_HOST = "$(BUILT_PRODUCTS_DIR)/BucketList2.app/BucketList2";
			};
			name = Release;
		};
		C06C954D1F68D69E00C441D3 /* Debug */ = {
			isa = XCBuildConfiguration;
			buildSettings = {
				ALWAYS_EMBED_SWIFT_STANDARD_LIBRARIES = YES;
				DEVELOPMENT_TEAM = 7684EEET25;
				INFOPLIST_FILE = BucketList2UITests/Info.plist;
				LD_RUNPATH_SEARCH_PATHS = "$(inherited) @executable_path/Frameworks @loader_path/Frameworks";
				PRODUCT_BUNDLE_IDENTIFIER = com.grant.BucketList2UITests;
				PRODUCT_NAME = "$(TARGET_NAME)";
				SWIFT_VERSION = 3.0;
				TEST_TARGET_NAME = BucketList2;
			};
			name = Debug;
		};
		C06C954E1F68D69E00C441D3 /* Release */ = {
			isa = XCBuildConfiguration;
			buildSettings = {
				ALWAYS_EMBED_SWIFT_STANDARD_LIBRARIES = YES;
				DEVELOPMENT_TEAM = 7684EEET25;
				INFOPLIST_FILE = BucketList2UITests/Info.plist;
				LD_RUNPATH_SEARCH_PATHS = "$(inherited) @executable_path/Frameworks @loader_path/Frameworks";
				PRODUCT_BUNDLE_IDENTIFIER = com.grant.BucketList2UITests;
				PRODUCT_NAME = "$(TARGET_NAME)";
				SWIFT_VERSION = 3.0;
				TEST_TARGET_NAME = BucketList2;
			};
			name = Release;
		};
/* End XCBuildConfiguration section */

/* Begin XCConfigurationList section */
		C06C95191F68D69D00C441D3 /* Build configuration list for PBXProject "BucketList2" */ = {
			isa = XCConfigurationList;
			buildConfigurations = (
				C06C95441F68D69E00C441D3 /* Debug */,
				C06C95451F68D69E00C441D3 /* Release */,
			);
			defaultConfigurationIsVisible = 0;
			defaultConfigurationName = Release;
		};
		C06C95461F68D69E00C441D3 /* Build configuration list for PBXNativeTarget "BucketList2" */ = {
			isa = XCConfigurationList;
			buildConfigurations = (
				C06C95471F68D69E00C441D3 /* Debug */,
				C06C95481F68D69E00C441D3 /* Release */,
			);
			defaultConfigurationIsVisible = 0;
		};
		C06C95491F68D69E00C441D3 /* Build configuration list for PBXNativeTarget "BucketList2Tests" */ = {
			isa = XCConfigurationList;
			buildConfigurations = (
				C06C954A1F68D69E00C441D3 /* Debug */,
				C06C954B1F68D69E00C441D3 /* Release */,
			);
			defaultConfigurationIsVisible = 0;
		};
		C06C954C1F68D69E00C441D3 /* Build configuration list for PBXNativeTarget "BucketList2UITests" */ = {
			isa = XCConfigurationList;
			buildConfigurations = (
				C06C954D1F68D69E00C441D3 /* Debug */,
				C06C954E1F68D69E00C441D3 /* Release */,
			);
			defaultConfigurationIsVisible = 0;
		};
/* End XCConfigurationList section */

/* Begin XCVersionGroup section */
		C06C95561F69BC0200C441D3 /* BucketList.xcdatamodeld */ = {
			isa = XCVersionGroup;
			children = (
				C06C95571F69BC0200C441D3 /* BucketList.xcdatamodel */,
			);
			currentVersion = C06C95571F69BC0200C441D3 /* BucketList.xcdatamodel */;
			path = BucketList.xcdatamodeld;
			sourceTree = "<group>";
			versionGroupType = wrapper.xcdatamodel;
		};
/* End XCVersionGroup section */
	};
	rootObject = C06C95161F68D69D00C441D3 /* Project object */;
}
